Microsoft Visual Studio Solution File, Format Version 12.00
# Visual Studio 2012
Project("{FAE04EC0-301F-11D3-BF4B-00C04F79EFBC}") = "InfraRadiated", "InfraRadiated.csproj", "{DCD8FE9B-DCC6-4B84-877D-9C8A3B1C2E61}"
EndProject
Global
	GlobalSection(SolutionConfigurationPlatforms) = preSolution
	Debug|Any CPU = Debug|Any CPU
	ExportDebug|Any CPU = ExportDebug|Any CPU
	ExportRelease|Any CPU = ExportRelease|Any CPU
	EndGlobalSection
	GlobalSection(ProjectConfigurationPlatforms) = postSolution
		{DCD8FE9B-DCC6-4B84-877D-9C8A3B1C2E61}.Debug|Any CPU.ActiveCfg = Debug|Any CPU
		{DCD8FE9B-DCC6-4B84-877D-9C8A3B1C2E61}.Debug|Any CPU.Build.0 = Debug|Any CPU
		{DCD8FE9B-DCC6-4B84-877D-9C8A3B1C2E61}.ExportDebug|Any CPU.ActiveCfg = ExportDebug|Any CPU
		{DCD8FE9B-DCC6-4B84-877D-9C8A3B1C2E61}.ExportDebug|Any CPU.Build.0 = ExportDebug|Any CPU
		{DCD8FE9B-DCC6-4B84-877D-9C8A3B1C2E61}.ExportRelease|Any CPU.ActiveCfg = ExportRelease|Any CPU
		{DCD8FE9B-DCC6-4B84-877D-9C8A3B1C2E61}.ExportRelease|Any CPU.Build.0 = ExportRelease|Any CPU
	EndGlobalSection
EndGlobal
